{
  "lockfileVersion": 1,
  "configVersion": 0,
  "workspaces": {
    "": {
      "name": "ratmath-umbrella",
    },
    "apps/calc": {
      "name": "ratcalc",
      "version": "1.0.0",
      "bin": {
        "ratcalc": "index.js",
      },
      "dependencies": {
        "@ratmath/algebra": "^0.2.0",
        "@ratmath/core": "^0.4.0",
        "@ratmath/oracles": "workspace:*",
        "@ratmath/parser": "^0.2.0",
        "@ratmath/reals": "^0.1.0",
        "@ratmath/stdlib": "workspace:*",
      },
    },
    "apps/forge": {
      "name": "ratforge",
      "dependencies": {
        "@ratmath/core": "^0.4.0",
      },
      "devDependencies": {
        "@types/bun": "latest",
      },
      "peerDependencies": {
        "typescript": "^5",
      },
    },
    "apps/webcalc": {
      "name": "ratweb",
      "version": "1.0.0",
      "dependencies": {
        "@ratmath/algebra": "^0.2.0",
        "@ratmath/core": "^0.4.0",
        "@ratmath/oracles": "workspace:*",
        "@ratmath/parser": "^0.2.0",
        "@ratmath/reals": "^0.1.0",
        "@ratmath/stdlib": "^0.2.0",
      },
    },
    "packages/algebra": {
      "name": "@ratmath/algebra",
      "version": "0.2.0",
      "dependencies": {
        "@ratmath/core": "^0.4.0",
        "@ratmath/parser": "^0.2.0",
      },
      "devDependencies": {
        "bun-types": "latest",
      },
    },
    "packages/arith-funs": {
      "name": "@ratmath/arith-funs",
      "version": "0.1.0",
      "dependencies": {
        "@ratmath/algebra": "workspace:*",
        "@ratmath/core": "workspace:*",
        "@ratmath/stdlib": "workspace:*",
      },
      "devDependencies": {
        "bun-types": "latest",
      },
    },
    "packages/core": {
      "name": "@ratmath/core",
      "version": "0.4.0",
      "devDependencies": {
        "bun-types": "1.3.14",
      },
    },
    "packages/oracles": {
      "name": "@ratmath/oracles",
      "version": "0.1.0",
      "dependencies": {
        "@ratmath/core": "^0.4.0",
      },
      "devDependencies": {
        "@types/bun": "^1.3.5",
        "@types/node": "^24.10.4",
        "prettier": "^3.7.4",
        "typescript": "^5.9.3",
      },
    },
    "packages/parser": {
      "name": "@ratmath/parser",
      "version": "0.2.0",
      "dependencies": {
        "@ratmath/core": "^0.4.0",
        "@ratmath/reals": "^0.1.0",
      },
    },
    "packages/reals": {
      "name": "@ratmath/reals",
      "version": "0.1.0",
      "dependencies": {
        "@ratmath/core": "^0.4.0",
      },
      "devDependencies": {
        "bun-types": "latest",
      },
    },
    "packages/stdlib": {
      "name": "@ratmath/stdlib",
      "version": "0.2.0",
      "dependencies": {
        "@ratmath/algebra": "^0.2.0",
        "@ratmath/core": "^0.4.0",
      },
    },
    "packages/units": {
      "name": "@ratmath/units",
      "version": "0.2.0",
    },
    "rix": {
      "name": "rix",
      "version": "0.1.0",
      "bin": {
        "rix": "./bin/rix.js",
        "rix-to-ir": "./bin/rix-to-ir.js",
      },
      "dependencies": {
        "@codemirror/language": "^6.12.4",
        "@lezer/common": "^1.5.2",
        "@lezer/highlight": "^1.2.3",
        "@lezer/lr": "^1.4.10",
        "@ratmath/core": "workspace:*",
      },
      "devDependencies": {
        "@lezer/generator": "^1.8.0",
        "marked": "^15.0.12",
      },
    },
  },
  "packages": {
    "@codemirror/language": ["@codemirror/language@6.12.4", "", { "dependencies": { "@codemirror/state": "^6.0.0", "@codemirror/view": "^6.23.0", "@lezer/common": "^1.5.0", "@lezer/highlight": "^1.0.0", "@lezer/lr": "^1.0.0", "style-mod": "^4.0.0" } }, "sha512-1q4PaT+o6PbgpkJt4Q8Fv5XJxTy4FUZ4MWETtyiDw3J0Pyr9E2vqcKL+k9wcvjNTIsauxvE7OfmWj3FRPHQ76A=="],

    "@codemirror/state": ["@codemirror/state@6.7.1", "", { "dependencies": { "@marijn/find-cluster-break": "^1.0.0" } }, "sha512-9QzNDgE4EYDnAHfrTlR2lwiPciiOymLtwKK+8yHQzCc7GXhAP9xdEbEJFy2IWB1j9UGUl9BsgMmTo/ImA02T7A=="],

    "@codemirror/view": ["@codemirror/view@6.43.6", "", { "dependencies": { "@codemirror/state": "^6.7.0", "crelt": "^1.0.6", "style-mod": "^4.1.0", "w3c-keyname": "^2.2.4" } }, "sha512-EVunGSYN1wz1p75WY1s3Xg7t3i8Yol0kGZGizNdX9BUFgMFILYVe8/u6EVpo7Ff5PwbZuILb4QAq7IZoKzIEQA=="],

    "@lezer/common": ["@lezer/common@1.5.2", "", {}, "sha512-sxQE460fPZyU3sdc8lafxiPwJHBzZRy/udNFynGQky1SePYBdhkBl1kOagA9uT3pxR8K09bOrmTUqA9wb/PjSQ=="],

    "@lezer/generator": ["@lezer/generator@1.8.0", "", { "dependencies": { "@lezer/common": "^1.1.0", "@lezer/lr": "^1.3.0" }, "bin": { "lezer-generator": "src/lezer-generator.cjs" } }, "sha512-/SF4EDWowPqV1jOgoGSGTIFsE7Ezdr7ZYxyihl5eMKVO5tlnpIhFcDavgm1hHY5GEonoOAEnJ0CU0x+tvuAuUg=="],

    "@lezer/highlight": ["@lezer/highlight@1.2.3", "", { "dependencies": { "@lezer/common": "^1.3.0" } }, "sha512-qXdH7UqTvGfdVBINrgKhDsVTJTxactNNxLk7+UMwZhU13lMHaOBlJe9Vqp907ya56Y3+ed2tlqzys7jDkTmW0g=="],

    "@lezer/lr": ["@lezer/lr@1.4.10", "", { "dependencies": { "@lezer/common": "^1.0.0" } }, "sha512-rnCpTIBafOx4mRp43xOxDJbFipJm/c0cia/V5TiGlhmMa+wsSdoGmUN3w5Bqrks/09Q/D4tNAmWaT8p6NRi77A=="],

    "@marijn/find-cluster-break": ["@marijn/find-cluster-break@1.0.3", "", {}, "sha512-FY+MKLBoTsLNJF/eLWaOsXGdz6uh3Iu1axjPf6TUq92IYumcTcXWHoS747JARLkcdlJ/Waiaxc5wQfFO8jC6NA=="],

    "@ratmath/algebra": ["@ratmath/algebra@workspace:packages/algebra"],

    "@ratmath/arith-funs": ["@ratmath/arith-funs@workspace:packages/arith-funs"],

    "@ratmath/core": ["@ratmath/core@workspace:packages/core"],

    "@ratmath/oracles": ["@ratmath/oracles@workspace:packages/oracles"],

    "@ratmath/parser": ["@ratmath/parser@workspace:packages/parser"],

    "@ratmath/reals": ["@ratmath/reals@workspace:packages/reals"],

    "@ratmath/stdlib": ["@ratmath/stdlib@workspace:packages/stdlib"],

    "@ratmath/units": ["@ratmath/units@workspace:packages/units"],

    "@types/bun": ["@types/bun@1.3.5", "", { "dependencies": { "bun-types": "1.3.5" } }, "sha512-RnygCqNrd3srIPEWBd5LFeUYG7plCoH2Yw9WaZGyNmdTEei+gWaHqydbaIRkIkcbXwhBT94q78QljxN0Sk838w=="],

    "@types/node": ["@types/node@24.10.4", "", { "dependencies": { "undici-types": "~7.16.0" } }, "sha512-vnDVpYPMzs4wunl27jHrfmwojOGKya0xyM3sH+UE5iv5uPS6vX7UIoh6m+vQc5LGBq52HBKPIn/zcSZVzeDEZg=="],

    "bun-types": ["bun-types@1.3.6", "", { "dependencies": { "@types/node": "*" } }, "sha512-OlFwHcnNV99r//9v5IIOgQ9Uk37gZqrNMCcqEaExdkVq3Avwqok1bJFmvGMCkCE0FqzdY8VMOZpfpR3lwI+CsQ=="],

    "crelt": ["crelt@1.0.7", "", {}, "sha512-aK6BbWfhf4U/wCcLHKPJl/xa6VkVstRaPywWtMKGwuOLc/wZTyQYuoxgvZnNsBvv7Kg3YTBQYYBCggcviQczuA=="],

    "marked": ["marked@15.0.12", "", { "bin": { "marked": "bin/marked.js" } }, "sha512-8dD6FusOQSrpv9Z1rdNMdlSgQOIP880DHqnohobOmYLElGEqAL/JvxvuxZO16r4HtjTlfPRDC1hbvxC9dPN2nA=="],

    "prettier": ["prettier@3.7.4", "", { "bin": { "prettier": "bin/prettier.cjs" } }, "sha512-v6UNi1+3hSlVvv8fSaoUbggEM5VErKmmpGA7Pl3HF8V6uKY7rvClBOJlH6yNwQtfTueNkGVpOv/mtWL9L4bgRA=="],

    "ratcalc": ["ratcalc@workspace:apps/calc"],

    "ratforge": ["ratforge@workspace:apps/forge"],

    "ratweb": ["ratweb@workspace:apps/webcalc"],

    "rix": ["rix@workspace:rix"],

    "style-mod": ["style-mod@4.1.3", "", {}, "sha512-i/n8VsZydrugj3Iuzll8+x/00GH2vnYsk1eomD8QiRrSAeW6ItbCQDtfXCeJHd0iwiNagqjQkvpvREEPtW3IoQ=="],

    "typescript": ["typescript@5.9.3", "", { "bin": { "tsc": "bin/tsc", "tsserver": "bin/tsserver" } }, "sha512-jl1vZzPDinLr9eUt3J/t7V6FgNEw9QjvBPdysz9KfQDD41fQrC2Y4vKQdiaUpFT4bXlb1RHhLpp8wtm6M5TgSw=="],

    "undici-types": ["undici-types@7.16.0", "", {}, "sha512-Zz+aZWSj8LE6zoxD+xrjh4VfkIG8Ya6LvYkZqtUQGJPZjYl53ypCaUwWqo7eI0x66KBGeRo+mlBEkMSeSZ38Nw=="],

    "w3c-keyname": ["w3c-keyname@2.2.8", "", {}, "sha512-dpojBhNsCNN7T82Tm7k26A6G9ML3NkhDsnw9n/eoxSRlVBB4CEtIQ/KTCLI2Fwf3ataSXRhYFkQi3SlnFwPvPQ=="],

    "@ratmath/core/bun-types": ["bun-types@1.3.14", "", { "dependencies": { "@types/node": "*" } }, "sha512-4N0ig0fEomHt5R0KCFWjovxow98rIoRwKolrYdCcknNwMekCXRnWEUvgu5soYV8QXtVsrUD8B95MBOZGPvr6KQ=="],

    "@types/bun/bun-types": ["bun-types@1.3.5", "", { "dependencies": { "@types/node": "*" } }, "sha512-inmAYe2PFLs0SUbFOWSVD24sg1jFlMPxOjOSSCYqUgn4Hsc3rDc7dFvfVYjFPNHtov6kgUeulV4SxbuIV/stPw=="],
  }
}
